
Microsoft Visual Studio Solution File, Format Version 12.00
# Visual Studio Version 17
VisualStudioVersion = 17.10.35027.167
MinimumVisualStudioVersion = 10.0.40219.1
Project("{888888A0-9F3D-457C-B088-3A5042F75D52}") = "calculadora.py", "calculadora.py\calculadora.py.pyproj", "{132E50C5-CCCF-4A95-A9E1-A1E79CF6C5F6}"
EndProject
Global
	GlobalSection(SolutionConfigurationPlatforms) = preSolution
		Debug|Any CPU = Debug|Any CPU
		Release|Any CPU = Release|Any CPU
	EndGlobalSection
	GlobalSection(ProjectConfigurationPlatforms) = postSolution
		{132E50C5-CCCF-4A95-A9E1-A1E79CF6C5F6}.Debug|Any CPU.ActiveCfg = Debug|Any CPU
		{132E50C5-CCCF-4A95-A9E1-A1E79CF6C5F6}.Release|Any CPU.ActiveCfg = Release|Any CPU
	EndGlobalSection
	GlobalSection(SolutionProperties) = preSolution
		HideSolutionNode = FALSE
	EndGlobalSection
	GlobalSection(ExtensibilityGlobals) = postSolution
		SolutionGuid = {C3D4911E-2FE3-4FAC-A8C4-175BC6AC6A19}
	EndGlobalSection
EndGlobal
