
Microsoft Visual Studio Solution File, Format Version 12.00
# Visual Studio Version 17
VisualStudioVersion = 17.10.35027.167
MinimumVisualStudioVersion = 10.0.40219.1
Project("{888888A0-9F3D-457C-B088-3A5042F75D52}") = "teste.py", "teste.py\teste.py.pyproj", "{1B330F33-A92D-41A3-A542-69AF3385538F}"
EndProject
Global
	GlobalSection(SolutionConfigurationPlatforms) = preSolution
		Debug|Any CPU = Debug|Any CPU
		Release|Any CPU = Release|Any CPU
	EndGlobalSection
	GlobalSection(ProjectConfigurationPlatforms) = postSolution
		{1B330F33-A92D-41A3-A542-69AF3385538F}.Debug|Any CPU.ActiveCfg = Debug|Any CPU
		{1B330F33-A92D-41A3-A542-69AF3385538F}.Release|Any CPU.ActiveCfg = Release|Any CPU
	EndGlobalSection
	GlobalSection(SolutionProperties) = preSolution
		HideSolutionNode = FALSE
	EndGlobalSection
	GlobalSection(ExtensibilityGlobals) = postSolution
		SolutionGuid = {8A49C76B-CB10-4B8F-A768-4A9581AB4005}
	EndGlobalSection
EndGlobal
